
Microsoft Visual Studio Solution File, Format Version 12.00
# Visual Studio Version 16
VisualStudioVersion = 16.0.810.4
MinimumVisualStudioVersion = 10.0.40219.1
Project("{FAE04EC0-301F-11D3-BF4B-00C04F79EFBC}") = "dfinery.backend.assingment.bot", "dfinery.backend.assingment.bot.csproj", "{220CEE96-3E07-431B-9D49-9A3D6A72B98E}"
EndProject
Global
	GlobalSection(SolutionConfigurationPlatforms) = preSolution
		Debug|Any CPU = Debug|Any CPU
		Release|Any CPU = Release|Any CPU
	EndGlobalSection
	GlobalSection(ProjectConfigurationPlatforms) = postSolution
		{220CEE96-3E07-431B-9D49-9A3D6A72B98E}.Debug|Any CPU.ActiveCfg = Debug|Any CPU
		{220CEE96-3E07-431B-9D49-9A3D6A72B98E}.Debug|Any CPU.Build.0 = Debug|Any CPU
		{220CEE96-3E07-431B-9D49-9A3D6A72B98E}.Release|Any CPU.ActiveCfg = Release|Any CPU
		{220CEE96-3E07-431B-9D49-9A3D6A72B98E}.Release|Any CPU.Build.0 = Release|Any CPU
	EndGlobalSection
	GlobalSection(SolutionProperties) = preSolution
		HideSolutionNode = FALSE
	EndGlobalSection
	GlobalSection(ExtensibilityGlobals) = postSolution
		SolutionGuid = {D53F47D1-2FD1-4763-BCF5-A71F16AD573F}
	EndGlobalSection
EndGlobal
